// !$*UTF8*$!
{
	archiveVersion = 1;
	classes = {
	};
	objectVersion = 52;
	objects = {

/* Begin PBXBuildFile section */
		48758DDB23BF1C21003F8604 /* AppDelegate.swift in Sources */ = {isa = PBXBuildFile; fileRef = 48758DDA23BF1C21003F8604 /* AppDelegate.swift */; };
		48758DDD23BF1C21003F8604 /* SceneDelegate.swift in Sources */ = {isa = PBXBuildFile; fileRef = 48758DDC23BF1C21003F8604 /* SceneDelegate.swift */; };
		48758DDF23BF1C21003F8604 /* ContentView.swift in Sources */ = {isa = PBXBuildFile; fileRef = 48758DDE23BF1C21003F8604 /* ContentView.swift */; };
		48758DE123BF1C24003F8604 /* Assets.xcassets in Resources */ = {isa = PBXBuildFile; fileRef = 48758DE023BF1C24003F8604 /* Assets.xcassets */; };
		48758DE423BF1C24003F8604 /* Preview Assets.xcassets in Resources */ = {isa = PBXBuildFile; fileRef = 48758DE323BF1C24003F8604 /* Preview Assets.xcassets */; };
		48758DE723BF1C24003F8604 /* LaunchScreen.storyboard in Resources */ = {isa = PBXBuildFile; fileRef = 48758DE523BF1C24003F8604 /* LaunchScreen.storyboard */; };
		48758DF223BF1C24003F8604 /* FilmGameDBTests.swift in Sources */ = {isa = PBXBuildFile; fileRef = 48758DF123BF1C24003F8604 /* FilmGameDBTests.swift */; };
		48758DFD23BF1C24003F8604 /* FilmGameDBUITests.swift in Sources */ = {isa = PBXBuildFile; fileRef = 48758DFC23BF1C24003F8604 /* FilmGameDBUITests.swift */; };
		48758E0B23BF4E9C003F8604 /* ItemWitcher.swift in Sources */ = {isa = PBXBuildFile; fileRef = 48758E0A23BF4E9C003F8604 /* ItemWitcher.swift */; };
		48758E0D23BF7AEC003F8604 /* ItemKatana.swift in Sources */ = {isa = PBXBuildFile; fileRef = 48758E0C23BF7AEC003F8604 /* ItemKatana.swift */; };
		48758E0F23C30B35003F8604 /* MovieDetail.swift in Sources */ = {isa = PBXBuildFile; fileRef = 48758E0E23C30B35003F8604 /* MovieDetail.swift */; };
		48758E1623C47211003F8604 /* MainUI.swift in Sources */ = {isa = PBXBuildFile; fileRef = 48758E1523C47211003F8604 /* MainUI.swift */; };
		48758E1823C47221003F8604 /* DetailUI.swift in Sources */ = {isa = PBXBuildFile; fileRef = 48758E1723C47221003F8604 /* DetailUI.swift */; };
		48758E1A23C4A6D9003F8604 /* NetworkManager.swift in Sources */ = {isa = PBXBuildFile; fileRef = 48758E1923C4A6D9003F8604 /* NetworkManager.swift */; };
		48758E1C23C4A851003F8604 /* ApiFactory.swift in Sources */ = {isa = PBXBuildFile; fileRef = 48758E1B23C4A851003F8604 /* ApiFactory.swift */; };
		48758E1F23C4A96E003F8604 /* Welcome.swift in Sources */ = {isa = PBXBuildFile; fileRef = 48758E1E23C4A96E003F8604 /* Welcome.swift */; };
		48758E2123C4BF57003F8604 /* MainViewModel.swift in Sources */ = {isa = PBXBuildFile; fileRef = 48758E2023C4BF57003F8604 /* MainViewModel.swift */; };
		48758E2423C598A0003F8604 /* HomeUI.swift in Sources */ = {isa = PBXBuildFile; fileRef = 48758E2323C598A0003F8604 /* HomeUI.swift */; };
		48758E2623C598B2003F8604 /* HomeViewModel.swift in Sources */ = {isa = PBXBuildFile; fileRef = 48758E2523C598B2003F8604 /* HomeViewModel.swift */; };
		48758E2E23C5AEC0003F8604 /* ArrayExt.swift in Sources */ = {isa = PBXBuildFile; fileRef = 48758E2D23C5AEC0003F8604 /* ArrayExt.swift */; };
		48758E3523C5C0B9003F8604 /* URLImage in Frameworks */ = {isa = PBXBuildFile; productRef = 48758E3423C5C0B9003F8604 /* URLImage */; };
		48758E3723C5C3DB003F8604 /* MovieItem.swift in Sources */ = {isa = PBXBuildFile; fileRef = 48758E3623C5C3DB003F8604 /* MovieItem.swift */; };
/* End PBXBuildFile section */

/* Begin PBXContainerItemProxy section */
		48758DEE23BF1C24003F8604 /* PBXContainerItemProxy */ = {
			isa = PBXContainerItemProxy;
			containerPortal = 48758DCF23BF1C21003F8604 /* Project object */;
			proxyType = 1;
			remoteGlobalIDString = 48758DD623BF1C21003F8604;
			remoteInfo = FilmGameDB;
		};
		48758DF923BF1C24003F8604 /* PBXContainerItemProxy */ = {
			isa = PBXContainerItemProxy;
			containerPortal = 48758DCF23BF1C21003F8604 /* Project object */;
			proxyType = 1;
			remoteGlobalIDString = 48758DD623BF1C21003F8604;
			remoteInfo = FilmGameDB;
		};
/* End PBXContainerItemProxy section */

/* Begin PBXFileReference section */
		48758DD723BF1C21003F8604 /* FilmGameDB.app */ = {isa = PBXFileReference; explicitFileType = wrapper.application; includeInIndex = 0; path = FilmGameDB.app; sourceTree = BUILT_PRODUCTS_DIR; };
		48758DDA23BF1C21003F8604 /* AppDelegate.swift */ = {isa = PBXFileReference; lastKnownFileType = sourcecode.swift; path = AppDelegate.swift; sourceTree = "<group>"; };
		48758DDC23BF1C21003F8604 /* SceneDelegate.swift */ = {isa = PBXFileReference; lastKnownFileType = sourcecode.swift; path = SceneDelegate.swift; sourceTree = "<group>"; };
		48758DDE23BF1C21003F8604 /* ContentView.swift */ = {isa = PBXFileReference; lastKnownFileType = sourcecode.swift; path = ContentView.swift; sourceTree = "<group>"; };
		48758DE023BF1C24003F8604 /* Assets.xcassets */ = {isa = PBXFileReference; lastKnownFileType = folder.assetcatalog; path = Assets.xcassets; sourceTree = "<group>"; };
		48758DE323BF1C24003F8604 /* Preview Assets.xcassets */ = {isa = PBXFileReference; lastKnownFileType = folder.assetcatalog; path = "Preview Assets.xcassets"; sourceTree = "<group>"; };
		48758DE623BF1C24003F8604 /* Base */ = {isa = PBXFileReference; lastKnownFileType = file.storyboard; name = Base; path = Base.lproj/LaunchScreen.storyboard; sourceTree = "<group>"; };
		48758DE823BF1C24003F8604 /* Info.plist */ = {isa = PBXFileReference; lastKnownFileType = text.plist.xml; path = Info.plist; sourceTree = "<group>"; };
		48758DED23BF1C24003F8604 /* FilmGameDBTests.xctest */ = {isa = PBXFileReference; explicitFileType = wrapper.cfbundle; includeInIndex = 0; path = FilmGameDBTests.xctest; sourceTree = BUILT_PRODUCTS_DIR; };
		48758DF123BF1C24003F8604 /* FilmGameDBTests.swift */ = {isa = PBXFileReference; lastKnownFileType = sourcecode.swift; path = FilmGameDBTests.swift; sourceTree = "<group>"; };
		48758DF323BF1C24003F8604 /* Info.plist */ = {isa = PBXFileReference; lastKnownFileType = text.plist.xml; path = Info.plist; sourceTree = "<group>"; };
		48758DF823BF1C24003F8604 /* FilmGameDBUITests.xctest */ = {isa = PBXFileReference; explicitFileType = wrapper.cfbundle; includeInIndex = 0; path = FilmGameDBUITests.xctest; sourceTree = BUILT_PRODUCTS_DIR; };
		48758DFC23BF1C24003F8604 /* FilmGameDBUITests.swift */ = {isa = PBXFileReference; lastKnownFileType = sourcecode.swift; path = FilmGameDBUITests.swift; sourceTree = "<group>"; };
		48758DFE23BF1C24003F8604 /* Info.plist */ = {isa = PBXFileReference; lastKnownFileType = text.plist.xml; path = Info.plist; sourceTree = "<group>"; };
		48758E0A23BF4E9C003F8604 /* ItemWitcher.swift */ = {isa = PBXFileReference; lastKnownFileType = sourcecode.swift; path = ItemWitcher.swift; sourceTree = "<group>"; };
		48758E0C23BF7AEC003F8604 /* ItemKatana.swift */ = {isa = PBXFileReference; lastKnownFileType = sourcecode.swift; path = ItemKatana.swift; sourceTree = "<group>"; };
		48758E0E23C30B35003F8604 /* MovieDetail.swift */ = {isa = PBXFileReference; lastKnownFileType = sourcecode.swift; path = MovieDetail.swift; sourceTree = "<group>"; };
		48758E1523C47211003F8604 /* MainUI.swift */ = {isa = PBXFileReference; lastKnownFileType = sourcecode.swift; path = MainUI.swift; sourceTree = "<group>"; };
		48758E1723C47221003F8604 /* DetailUI.swift */ = {isa = PBXFileReference; lastKnownFileType = sourcecode.swift; path = DetailUI.swift; sourceTree = "<group>"; };
		48758E1923C4A6D9003F8604 /* NetworkManager.swift */ = {isa = PBXFileReference; lastKnownFileType = sourcecode.swift; path = NetworkManager.swift; sourceTree = "<group>"; };
		48758E1B23C4A851003F8604 /* ApiFactory.swift */ = {isa = PBXFileReference; lastKnownFileType = sourcecode.swift; path = ApiFactory.swift; sourceTree = "<group>"; };
		48758E1E23C4A96E003F8604 /* Welcome.swift */ = {isa = PBXFileReference; lastKnownFileType = sourcecode.swift; path = Welcome.swift; sourceTree = "<group>"; };
		48758E2023C4BF57003F8604 /* MainViewModel.swift */ = {isa = PBXFileReference; lastKnownFileType = sourcecode.swift; path = MainViewModel.swift; sourceTree = "<group>"; };
		48758E2323C598A0003F8604 /* HomeUI.swift */ = {isa = PBXFileReference; lastKnownFileType = sourcecode.swift; path = HomeUI.swift; sourceTree = "<group>"; };
		48758E2523C598B2003F8604 /* HomeViewModel.swift */ = {isa = PBXFileReference; lastKnownFileType = sourcecode.swift; path = HomeViewModel.swift; sourceTree = "<group>"; };
		48758E2D23C5AEC0003F8604 /* ArrayExt.swift */ = {isa = PBXFileReference; lastKnownFileType = sourcecode.swift; path = ArrayExt.swift; sourceTree = "<group>"; };
		48758E3623C5C3DB003F8604 /* MovieItem.swift */ = {isa = PBXFileReference; lastKnownFileType = sourcecode.swift; path = MovieItem.swift; sourceTree = "<group>"; };
/* End PBXFileReference section */

/* Begin PBXFrameworksBuildPhase section */
		48758DD423BF1C21003F8604 /* Frameworks */ = {
			isa = PBXFrameworksBuildPhase;
			buildActionMask = 2147483647;
			files = (
				48758E3523C5C0B9003F8604 /* URLImage in Frameworks */,
			);
			runOnlyForDeploymentPostprocessing = 0;
		};
		48758DEA23BF1C24003F8604 /* Frameworks */ = {
			isa = PBXFrameworksBuildPhase;
			buildActionMask = 2147483647;
			files = (
			);
			runOnlyForDeploymentPostprocessing = 0;
		};
		48758DF523BF1C24003F8604 /* Frameworks */ = {
			isa = PBXFrameworksBuildPhase;
			buildActionMask = 2147483647;
			files = (
			);
			runOnlyForDeploymentPostprocessing = 0;
		};
/* End PBXFrameworksBuildPhase section */

/* Begin PBXGroup section */
		48758DCE23BF1C21003F8604 = {
			isa = PBXGroup;
			children = (
				48758DD923BF1C21003F8604 /* FilmGameDB */,
				48758DF023BF1C24003F8604 /* FilmGameDBTests */,
				48758DFB23BF1C24003F8604 /* FilmGameDBUITests */,
				48758DD823BF1C21003F8604 /* Products */,
			);
			sourceTree = "<group>";
		};
		48758DD823BF1C21003F8604 /* Products */ = {
			isa = PBXGroup;
			children = (
				48758DD723BF1C21003F8604 /* FilmGameDB.app */,
				48758DED23BF1C24003F8604 /* FilmGameDBTests.xctest */,
				48758DF823BF1C24003F8604 /* FilmGameDBUITests.xctest */,
			);
			name = Products;
			sourceTree = "<group>";
		};
		48758DD923BF1C21003F8604 /* FilmGameDB */ = {
			isa = PBXGroup;
			children = (
				48758E1D23C4A944003F8604 /* Model */,
				48758E1223C47149003F8604 /* UI */,
				48758E1123C47142003F8604 /* Utils */,
				48758E1023C47125003F8604 /* Network */,
				48758DDA23BF1C21003F8604 /* AppDelegate.swift */,
				48758DDC23BF1C21003F8604 /* SceneDelegate.swift */,
				48758DDE23BF1C21003F8604 /* ContentView.swift */,
				48758DE023BF1C24003F8604 /* Assets.xcassets */,
				48758DE523BF1C24003F8604 /* LaunchScreen.storyboard */,
				48758DE823BF1C24003F8604 /* Info.plist */,
				48758DE223BF1C24003F8604 /* Preview Content */,
				48758E0A23BF4E9C003F8604 /* ItemWitcher.swift */,
				48758E0C23BF7AEC003F8604 /* ItemKatana.swift */,
				48758E0E23C30B35003F8604 /* MovieDetail.swift */,
			);
			path = FilmGameDB;
			sourceTree = "<group>";
		};
		48758DE223BF1C24003F8604 /* Preview Content */ = {
			isa = PBXGroup;
			children = (
				48758DE323BF1C24003F8604 /* Preview Assets.xcassets */,
			);
			path = "Preview Content";
			sourceTree = "<group>";
		};
		48758DF023BF1C24003F8604 /* FilmGameDBTests */ = {
			isa = PBXGroup;
			children = (
				48758DF123BF1C24003F8604 /* FilmGameDBTests.swift */,
				48758DF323BF1C24003F8604 /* Info.plist */,
			);
			path = FilmGameDBTests;
			sourceTree = "<group>";
		};
		48758DFB23BF1C24003F8604 /* FilmGameDBUITests */ = {
			isa = PBXGroup;
			children = (
				48758DFC23BF1C24003F8604 /* FilmGameDBUITests.swift */,
				48758DFE23BF1C24003F8604 /* Info.plist */,
			);
			path = FilmGameDBUITests;
			sourceTree = "<group>";
		};
		48758E1023C47125003F8604 /* Network */ = {
			isa = PBXGroup;
			children = (
				48758E1923C4A6D9003F8604 /* NetworkManager.swift */,
				48758E1B23C4A851003F8604 /* ApiFactory.swift */,
			);
			path = Network;
			sourceTree = "<group>";
		};
		48758E1123C47142003F8604 /* Utils */ = {
			isa = PBXGroup;
			children = (
				48758E2D23C5AEC0003F8604 /* ArrayExt.swift */,
			);
			path = Utils;
			sourceTree = "<group>";
		};
		48758E1223C47149003F8604 /* UI */ = {
			isa = PBXGroup;
			children = (
				48758E2223C59866003F8604 /* Home */,
				48758E1423C47178003F8604 /* Detail */,
				48758E1323C47168003F8604 /* Main */,
			);
			path = UI;
			sourceTree = "<group>";
		};
		48758E1323C47168003F8604 /* Main */ = {
			isa = PBXGroup;
			children = (
				48758E1523C47211003F8604 /* MainUI.swift */,
				48758E2023C4BF57003F8604 /* MainViewModel.swift */,
			);
			path = Main;
			sourceTree = "<group>";
		};
		48758E1423C47178003F8604 /* Detail */ = {
			isa = PBXGroup;
			children = (
				48758E1723C47221003F8604 /* DetailUI.swift */,
			);
			path = Detail;
			sourceTree = "<group>";
		};
		48758E1D23C4A944003F8604 /* Model */ = {
			isa = PBXGroup;
			children = (
				48758E1E23C4A96E003F8604 /* Welcome.swift */,
			);
			path = Model;
			sourceTree = "<group>";
		};
		48758E2223C59866003F8604 /* Home */ = {
			isa = PBXGroup;
			children = (
				48758E2323C598A0003F8604 /* HomeUI.swift */,
				48758E2523C598B2003F8604 /* HomeViewModel.swift */,
				48758E3623C5C3DB003F8604 /* MovieItem.swift */,
			);
			path = Home;
			sourceTree = "<group>";
		};
/* End PBXGroup section */

/* Begin PBXNativeTarget section */
		48758DD623BF1C21003F8604 /* FilmGameDB */ = {
			isa = PBXNativeTarget;
			buildConfigurationList = 48758E0123BF1C24003F8604 /* Build configuration list for PBXNativeTarget "FilmGameDB" */;
			buildPhases = (
				48758DD323BF1C21003F8604 /* Sources */,
				48758DD423BF1C21003F8604 /* Frameworks */,
				48758DD523BF1C21003F8604 /* Resources */,
			);
			buildRules = (
			);
			dependencies = (
			);
			name = FilmGameDB;
			packageProductDependencies = (
				48758E3423C5C0B9003F8604 /* URLImage */,
			);
			productName = FilmGameDB;
			productReference = 48758DD723BF1C21003F8604 /* FilmGameDB.app */;
			productType = "com.apple.product-type.application";
		};
		48758DEC23BF1C24003F8604 /* FilmGameDBTests */ = {
			isa = PBXNativeTarget;
			buildConfigurationList = 48758E0423BF1C24003F8604 /* Build configuration list for PBXNativeTarget "FilmGameDBTests" */;
			buildPhases = (
				48758DE923BF1C24003F8604 /* Sources */,
				48758DEA23BF1C24003F8604 /* Frameworks */,
				48758DEB23BF1C24003F8604 /* Resources */,
			);
			buildRules = (
			);
			dependencies = (
				48758DEF23BF1C24003F8604 /* PBXTargetDependency */,
			);
			name = FilmGameDBTests;
			productName = FilmGameDBTests;
			productReference = 48758DED23BF1C24003F8604 /* FilmGameDBTests.xctest */;
			productType = "com.apple.product-type.bundle.unit-test";
		};
		48758DF723BF1C24003F8604 /* FilmGameDBUITests */ = {
			isa = PBXNativeTarget;
			buildConfigurationList = 48758E0723BF1C24003F8604 /* Build configuration list for PBXNativeTarget "FilmGameDBUITests" */;
			buildPhases = (
				48758DF423BF1C24003F8604 /* Sources */,
				48758DF523BF1C24003F8604 /* Frameworks */,
				48758DF623BF1C24003F8604 /* Resources */,
			);
			buildRules = (
			);
			dependencies = (
				48758DFA23BF1C24003F8604 /* PBXTargetDependency */,
			);
			name = FilmGameDBUITests;
			productName = FilmGameDBUITests;
			productReference = 48758DF823BF1C24003F8604 /* FilmGameDBUITests.xctest */;
			productType = "com.apple.product-type.bundle.ui-testing";
		};
/* End PBXNativeTarget section */

/* Begin PBXProject section */
		48758DCF23BF1C21003F8604 /* Project object */ = {
			isa = PBXProject;
			attributes = {
				LastSwiftUpdateCheck = 1110;
				LastUpgradeCheck = 1110;
				ORGANIZATIONNAME = "Rıfat mert Dolar";
				TargetAttributes = {
					48758DD623BF1C21003F8604 = {
						CreatedOnToolsVersion = 11.1;
					};
					48758DEC23BF1C24003F8604 = {
						CreatedOnToolsVersion = 11.1;
						TestTargetID = 48758DD623BF1C21003F8604;
					};
					48758DF723BF1C24003F8604 = {
						CreatedOnToolsVersion = 11.1;
						TestTargetID = 48758DD623BF1C21003F8604;
					};
				};
			};
			buildConfigurationList = 48758DD223BF1C21003F8604 /* Build configuration list for PBXProject "FilmGameDB" */;
			compatibilityVersion = "Xcode 9.3";
			developmentRegion = en;
			hasScannedForEncodings = 0;
			knownRegions = (
				en,
				Base,
			);
			mainGroup = 48758DCE23BF1C21003F8604;
			packageReferences = (
				48758E3323C5C0B9003F8604 /* XCRemoteSwiftPackageReference "url-image" */,
			);
			productRefGroup = 48758DD823BF1C21003F8604 /* Products */;
			projectDirPath = "";
			projectRoot = "";
			targets = (
				48758DD623BF1C21003F8604 /* FilmGameDB */,
				48758DEC23BF1C24003F8604 /* FilmGameDBTests */,
				48758DF723BF1C24003F8604 /* FilmGameDBUITests */,
			);
		};
/* End PBXProject section */

/* Begin PBXResourcesBuildPhase section */
		48758DD523BF1C21003F8604 /* Resources */ = {
			isa = PBXResourcesBuildPhase;
			buildActionMask = 2147483647;
			files = (
				48758DE723BF1C24003F8604 /* LaunchScreen.storyboard in Resources */,
				48758DE423BF1C24003F8604 /* Preview Assets.xcassets in Resources */,
				48758DE123BF1C24003F8604 /* Assets.xcassets in Resources */,
			);
			runOnlyForDeploymentPostprocessing = 0;
		};
		48758DEB23BF1C24003F8604 /* Resources */ = {
			isa = PBXResourcesBuildPhase;
			buildActionMask = 2147483647;
			files = (
			);
			runOnlyForDeploymentPostprocessing = 0;
		};
		48758DF623BF1C24003F8604 /* Resources */ = {
			isa = PBXResourcesBuildPhase;
			buildActionMask = 2147483647;
			files = (
			);
			runOnlyForDeploymentPostprocessing = 0;
		};
/* End PBXResourcesBuildPhase section */

/* Begin PBXSourcesBuildPhase section */
		48758DD323BF1C21003F8604 /* Sources */ = {
			isa = PBXSourcesBuildPhase;
			buildActionMask = 2147483647;
			files = (
				48758E1F23C4A96E003F8604 /* Welcome.swift in Sources */,
				48758E1A23C4A6D9003F8604 /* NetworkManager.swift in Sources */,
				48758DDB23BF1C21003F8604 /* AppDelegate.swift in Sources */,
				48758E0B23BF4E9C003F8604 /* ItemWitcher.swift in Sources */,
				48758E1823C47221003F8604 /* DetailUI.swift in Sources */,
				48758DDD23BF1C21003F8604 /* SceneDelegate.swift in Sources */,
				48758E0F23C30B35003F8604 /* MovieDetail.swift in Sources */,
				48758E2423C598A0003F8604 /* HomeUI.swift in Sources */,
				48758E1623C47211003F8604 /* MainUI.swift in Sources */,
				48758E3723C5C3DB003F8604 /* MovieItem.swift in Sources */,
				48758E2623C598B2003F8604 /* HomeViewModel.swift in Sources */,
				48758E0D23BF7AEC003F8604 /* ItemKatana.swift in Sources */,
				48758E2E23C5AEC0003F8604 /* ArrayExt.swift in Sources */,
				48758DDF23BF1C21003F8604 /* ContentView.swift in Sources */,
				48758E1C23C4A851003F8604 /* ApiFactory.swift in Sources */,
				48758E2123C4BF57003F8604 /* MainViewModel.swift in Sources */,
			);
			runOnlyForDeploymentPostprocessing = 0;
		};
		48758DE923BF1C24003F8604 /* Sources */ = {
			isa = PBXSourcesBuildPhase;
			buildActionMask = 2147483647;
			files = (
				48758DF223BF1C24003F8604 /* FilmGameDBTests.swift in Sources */,
			);
			runOnlyForDeploymentPostprocessing = 0;
		};
		48758DF423BF1C24003F8604 /* Sources */ = {
			isa = PBXSourcesBuildPhase;
			buildActionMask = 2147483647;
			files = (
				48758DFD23BF1C24003F8604 /* FilmGameDBUITests.swift in Sources */,
			);
			runOnlyForDeploymentPostprocessing = 0;
		};
/* End PBXSourcesBuildPhase section */

/* Begin PBXTargetDependency section */
		48758DEF23BF1C24003F8604 /* PBXTargetDependency */ = {
			isa = PBXTargetDependency;
			target = 48758DD623BF1C21003F8604 /* FilmGameDB */;
			targetProxy = 48758DEE23BF1C24003F8604 /* PBXContainerItemProxy */;
		};
		48758DFA23BF1C24003F8604 /* PBXTargetDependency */ = {
			isa = PBXTargetDependency;
			target = 48758DD623BF1C21003F8604 /* FilmGameDB */;
			targetProxy = 48758DF923BF1C24003F8604 /* PBXContainerItemProxy */;
		};
/* End PBXTargetDependency section */

/* Begin PBXVariantGroup section */
		48758DE523BF1C24003F8604 /* LaunchScreen.storyboard */ = {
			isa = PBXVariantGroup;
			children = (
				48758DE623BF1C24003F8604 /* Base */,
			);
			name = LaunchScreen.storyboard;
			sourceTree = "<group>";
		};
/* End PBXVariantGroup section */

/* Begin XCBuildConfiguration section */
		48758DFF23BF1C24003F8604 /* Debug */ = {
			isa = XCBuildConfiguration;
			buildSettings = {
				ALWAYS_SEARCH_USER_PATHS = NO;
				CLANG_ANALYZER_NONNULL = YES;
				CLANG_ANALYZER_NUMBER_OBJECT_CONVERSION = YES_AGGRESSIVE;
				CLANG_CXX_LANGUAGE_STANDARD = "gnu++14";
				CLANG_CXX_LIBRARY = "libc++";
				CLANG_ENABLE_MODULES = YES;
				CLANG_ENABLE_OBJC_ARC = YES;
				CLANG_ENABLE_OBJC_WEAK = YES;
				CLANG_WARN_BLOCK_CAPTURE_AUTORELEASING = YES;
				CLANG_WARN_BOOL_CONVERSION = YES;
				CLANG_WARN_COMMA = YES;
				CLANG_WARN_CONSTANT_CONVERSION = YES;
				CLANG_WARN_DEPRECATED_OBJC_IMPLEMENTATIONS = YES;
				CLANG_WARN_DIRECT_OBJC_ISA_USAGE = YES_ERROR;
				CLANG_WARN_DOCUMENTATION_COMMENTS = YES;
				CLANG_WARN_EMPTY_BODY = YES;
				CLANG_WARN_ENUM_CONVERSION = YES;
				CLANG_WARN_INFINITE_RECURSION = YES;
				CLANG_WARN_INT_CONVERSION = YES;
				CLANG_WARN_NON_LITERAL_NULL_CONVERSION = YES;
				CLANG_WARN_OBJC_IMPLICIT_RETAIN_SELF = YES;
				CLANG_WARN_OBJC_LITERAL_CONVERSION = YES;
				CLANG_WARN_OBJC_ROOT_CLASS = YES_ERROR;
				CLANG_WARN_RANGE_LOOP_ANALYSIS = YES;
				CLANG_WARN_STRICT_PROTOTYPES = YES;
				CLANG_WARN_SUSPICIOUS_MOVE = YES;
				CLANG_WARN_UNGUARDED_AVAILABILITY = YES_AGGRESSIVE;
				CLANG_WARN_UNREACHABLE_CODE = YES;
				CLANG_WARN__DUPLICATE_METHOD_MATCH = YES;
				COPY_PHASE_STRIP = NO;
				DEBUG_INFORMATION_FORMAT = dwarf;
				ENABLE_STRICT_OBJC_MSGSEND = YES;
				ENABLE_TESTABILITY = YES;
				GCC_C_LANGUAGE_STANDARD = gnu11;
				GCC_DYNAMIC_NO_PIC = NO;
				GCC_NO_COMMON_BLOCKS = YES;
				GCC_OPTIMIZATION_LEVEL = 0;
				GCC_PREPROCESSOR_DEFINITIONS = (
					"DEBUG=1",
					"$(inherited)",
				);
				GCC_WARN_64_TO_32_BIT_CONVERSION = YES;
				GCC_WARN_ABOUT_RETURN_TYPE = YES_ERROR;
				GCC_WARN_UNDECLARED_SELECTOR = YES;
				GCC_WARN_UNINITIALIZED_AUTOS = YES_AGGRESSIVE;
				GCC_WARN_UNUSED_FUNCTION = YES;
				GCC_WARN_UNUSED_VARIABLE = YES;
				IPHONEOS_DEPLOYMENT_TARGET = 13.1;
				MTL_ENABLE_DEBUG_INFO = INCLUDE_SOURCE;
				MTL_FAST_MATH = YES;
				ONLY_ACTIVE_ARCH = YES;
				SDKROOT = iphoneos;
				SWIFT_ACTIVE_COMPILATION_CONDITIONS = DEBUG;
				SWIFT_OPTIMIZATION_LEVEL = "-Onone";
			};
			name = Debug;
		};
		48758E0023BF1C24003F8604 /* Release */ = {
			isa = XCBuildConfiguration;
			buildSettings = {
				ALWAYS_SEARCH_USER_PATHS = NO;
				CLANG_ANALYZER_NONNULL = YES;
				CLANG_ANALYZER_NUMBER_OBJECT_CONVERSION = YES_AGGRESSIVE;
				CLANG_CXX_LANGUAGE_STANDARD = "gnu++14";
				CLANG_CXX_LIBRARY = "libc++";
				CLANG_ENABLE_MODULES = YES;
				CLANG_ENABLE_OBJC_ARC = YES;
				CLANG_ENABLE_OBJC_WEAK = YES;
				CLANG_WARN_BLOCK_CAPTURE_AUTORELEASING = YES;
				CLANG_WARN_BOOL_CONVERSION = YES;
				CLANG_WARN_COMMA = YES;
				CLANG_WARN_CONSTANT_CONVERSION = YES;
				CLANG_WARN_DEPRECATED_OBJC_IMPLEMENTATIONS = YES;
				CLANG_WARN_DIRECT_OBJC_ISA_USAGE = YES_ERROR;
				CLANG_WARN_DOCUMENTATION_COMMENTS = YES;
				CLANG_WARN_EMPTY_BODY = YES;
				CLANG_WARN_ENUM_CONVERSION = YES;
				CLANG_WARN_INFINITE_RECURSION = YES;
				CLANG_WARN_INT_CONVERSION = YES;
				CLANG_WARN_NON_LITERAL_NULL_CONVERSION = YES;
				CLANG_WARN_OBJC_IMPLICIT_RETAIN_SELF = YES;
				CLANG_WARN_OBJC_LITERAL_CONVERSION = YES;
				CLANG_WARN_OBJC_ROOT_CLASS = YES_ERROR;
				CLANG_WARN_RANGE_LOOP_ANALYSIS = YES;
				CLANG_WARN_STRICT_PROTOTYPES = YES;
				CLANG_WARN_SUSPICIOUS_MOVE = YES;
				CLANG_WARN_UNGUARDED_AVAILABILITY = YES_AGGRESSIVE;
				CLANG_WARN_UNREACHABLE_CODE = YES;
				CLANG_WARN__DUPLICATE_METHOD_MATCH = YES;
				COPY_PHASE_STRIP = NO;
				DEBUG_INFORMATION_FORMAT = "dwarf-with-dsym";
				ENABLE_NS_ASSERTIONS = NO;
				ENABLE_STRICT_OBJC_MSGSEND = YES;
				GCC_C_LANGUAGE_STANDARD = gnu11;
				GCC_NO_COMMON_BLOCKS = YES;
				GCC_WARN_64_TO_32_BIT_CONVERSION = YES;
				GCC_WARN_ABOUT_RETURN_TYPE = YES_ERROR;
				GCC_WARN_UNDECLARED_SELECTOR = YES;
				GCC_WARN_UNINITIALIZED_AUTOS = YES_AGGRESSIVE;
				GCC_WARN_UNUSED_FUNCTION = YES;
				GCC_WARN_UNUSED_VARIABLE = YES;
				IPHONEOS_DEPLOYMENT_TARGET = 13.1;
				MTL_ENABLE_DEBUG_INFO = NO;
				MTL_FAST_MATH = YES;
				SDKROOT = iphoneos;
				SWIFT_COMPILATION_MODE = wholemodule;
				SWIFT_OPTIMIZATION_LEVEL = "-O";
				VALIDATE_PRODUCT = YES;
			};
			name = Release;
		};
		48758E0223BF1C24003F8604 /* Debug */ = {
			isa = XCBuildConfiguration;
			buildSettings = {
				ASSETCATALOG_COMPILER_APPICON_NAME = AppIcon;
				CODE_SIGN_STYLE = Automatic;
				DEVELOPMENT_ASSET_PATHS = "\"FilmGameDB/Preview Content\"";
				ENABLE_PREVIEWS = YES;
				INFOPLIST_FILE = FilmGameDB/Info.plist;
				LD_RUNPATH_SEARCH_PATHS = (
					"$(inherited)",
					"@executable_path/Frameworks",
				);
				PRODUCT_BUNDLE_IDENTIFIER = dolar.mert.FilmGameDB;
				PRODUCT_NAME = "$(TARGET_NAME)";
				SWIFT_VERSION = 5.0;
				TARGETED_DEVICE_FAMILY = "1,2";
			};
			name = Debug;
		};
		48758E0323BF1C24003F8604 /* Release */ = {
			isa = XCBuildConfiguration;
			buildSettings = {
				ASSETCATALOG_COMPILER_APPICON_NAME = AppIcon;
				CODE_SIGN_STYLE = Automatic;
				DEVELOPMENT_ASSET_PATHS = "\"FilmGameDB/Preview Content\"";
				ENABLE_PREVIEWS = YES;
				INFOPLIST_FILE = FilmGameDB/Info.plist;
				LD_RUNPATH_SEARCH_PATHS = (
					"$(inherited)",
					"@executable_path/Frameworks",
				);
				PRODUCT_BUNDLE_IDENTIFIER = dolar.mert.FilmGameDB;
				PRODUCT_NAME = "$(TARGET_NAME)";
				SWIFT_VERSION = 5.0;
				TARGETED_DEVICE_FAMILY = "1,2";
			};
			name = Release;
		};
		48758E0523BF1C24003F8604 /* Debug */ = {
			isa = XCBuildConfiguration;
			buildSettings = {
				ALWAYS_EMBED_SWIFT_STANDARD_LIBRARIES = YES;
				BUNDLE_LOADER = "$(TEST_HOST)";
				CODE_SIGN_STYLE = Automatic;
				INFOPLIST_FILE = FilmGameDBTests/Info.plist;
				IPHONEOS_DEPLOYMENT_TARGET = 13.1;
				LD_RUNPATH_SEARCH_PATHS = (
					"$(inherited)",
					"@executable_path/Frameworks",
					"@loader_path/Frameworks",
				);
				PRODUCT_BUNDLE_IDENTIFIER = dolar.mert.FilmGameDBTests;
				PRODUCT_NAME = "$(TARGET_NAME)";
				SWIFT_VERSION = 5.0;
				TARGETED_DEVICE_FAMILY = "1,2";
				TEST_HOST = "$(BUILT_PRODUCTS_DIR)/FilmGameDB.app/FilmGameDB";
			};
			name = Debug;
		};
		48758E0623BF1C24003F8604 /* Release */ = {
			isa = XCBuildConfiguration;
			buildSettings = {
				ALWAYS_EMBED_SWIFT_STANDARD_LIBRARIES = YES;
				BUNDLE_LOADER = "$(TEST_HOST)";
				CODE_SIGN_STYLE = Automatic;
				INFOPLIST_FILE = FilmGameDBTests/Info.plist;
				IPHONEOS_DEPLOYMENT_TARGET = 13.1;
				LD_RUNPATH_SEARCH_PATHS = (
					"$(inherited)",
					"@executable_path/Frameworks",
					"@loader_path/Frameworks",
				);
				PRODUCT_BUNDLE_IDENTIFIER = dolar.mert.FilmGameDBTests;
				PRODUCT_NAME = "$(TARGET_NAME)";
				SWIFT_VERSION = 5.0;
				TARGETED_DEVICE_FAMILY = "1,2";
				TEST_HOST = "$(BUILT_PRODUCTS_DIR)/FilmGameDB.app/FilmGameDB";
			};
			name = Release;
		};
		48758E0823BF1C24003F8604 /* Debug */ = {
			isa = XCBuildConfiguration;
			buildSettings = {
				ALWAYS_EMBED_SWIFT_STANDARD_LIBRARIES = YES;
				CODE_SIGN_STYLE = Automatic;
				INFOPLIST_FILE = FilmGameDBUITests/Info.plist;
				LD_RUNPATH_SEARCH_PATHS = (
					"$(inherited)",
					"@executable_path/Frameworks",
					"@loader_path/Frameworks",
				);
				PRODUCT_BUNDLE_IDENTIFIER = dolar.mert.FilmGameDBUITests;
				PRODUCT_NAME = "$(TARGET_NAME)";
				SWIFT_VERSION = 5.0;
				TARGETED_DEVICE_FAMILY = "1,2";
				TEST_TARGET_NAME = FilmGameDB;
			};
			name = Debug;
		};
		48758E0923BF1C24003F8604 /* Release */ = {
			isa = XCBuildConfiguration;
			buildSettings = {
				ALWAYS_EMBED_SWIFT_STANDARD_LIBRARIES = YES;
				CODE_SIGN_STYLE = Automatic;
				INFOPLIST_FILE = FilmGameDBUITests/Info.plist;
				LD_RUNPATH_SEARCH_PATHS = (
					"$(inherited)",
					"@executable_path/Frameworks",
					"@loader_path/Frameworks",
				);
				PRODUCT_BUNDLE_IDENTIFIER = dolar.mert.FilmGameDBUITests;
				PRODUCT_NAME = "$(TARGET_NAME)";
				SWIFT_VERSION = 5.0;
				TARGETED_DEVICE_FAMILY = "1,2";
				TEST_TARGET_NAME = FilmGameDB;
			};
			name = Release;
		};
/* End XCBuildConfiguration section */

/* Begin XCConfigurationList section */
		48758DD223BF1C21003F8604 /* Build configuration list for PBXProject "FilmGameDB" */ = {
			isa = XCConfigurationList;
			buildConfigurations = (
				48758DFF23BF1C24003F8604 /* Debug */,
				48758E0023BF1C24003F8604 /* Release */,
			);
			defaultConfigurationIsVisible = 0;
			defaultConfigurationName = Release;
		};
		48758E0123BF1C24003F8604 /* Build configuration list for PBXNativeTarget "FilmGameDB" */ = {
			isa = XCConfigurationList;
			buildConfigurations = (
				48758E0223BF1C24003F8604 /* Debug */,
				48758E0323BF1C24003F8604 /* Release */,
			);
			defaultConfigurationIsVisible = 0;
			defaultConfigurationName = Release;
		};
		48758E0423BF1C24003F8604 /* Build configuration list for PBXNativeTarget "FilmGameDBTests" */ = {
			isa = XCConfigurationList;
			buildConfigurations = (
				48758E0523BF1C24003F8604 /* Debug */,
				48758E0623BF1C24003F8604 /* Release */,
			);
			defaultConfigurationIsVisible = 0;
			defaultConfigurationName = Release;
		};
		48758E0723BF1C24003F8604 /* Build configuration list for PBXNativeTarget "FilmGameDBUITests" */ = {
			isa = XCConfigurationList;
			buildConfigurations = (
				48758E0823BF1C24003F8604 /* Debug */,
				48758E0923BF1C24003F8604 /* Release */,
			);
			defaultConfigurationIsVisible = 0;
			defaultConfigurationName = Release;
		};
/* End XCConfigurationList section */

/* Begin XCRemoteSwiftPackageReference section */
		48758E3323C5C0B9003F8604 /* XCRemoteSwiftPackageReference "url-image" */ = {
			isa = XCRemoteSwiftPackageReference;
			repositoryURL = "https://github.com/dmytro-anokhin/url-image.git";
			requirement = {
				kind = upToNextMajorVersion;
				minimumVersion = 0.9.9;
			};
		};
/* End XCRemoteSwiftPackageReference section */

/* Begin XCSwiftPackageProductDependency section */
		48758E3423C5C0B9003F8604 /* URLImage */ = {
			isa = XCSwiftPackageProductDependency;
			package = 48758E3323C5C0B9003F8604 /* XCRemoteSwiftPackageReference "url-image" */;
			productName = URLImage;
		};
/* End XCSwiftPackageProductDependency section */
	};
	rootObject = 48758DCF23BF1C21003F8604 /* Project object */;
}
